// !$*UTF8*$!
{
	archiveVersion = 1;
	classes = {
	};
	objectVersion = 46;
	objects = {

/* Begin PBXBuildFile section */
		115C623999957A7002D3BCC1 /* Pods_conquestV0.framework in Frameworks */ = {isa = PBXBuildFile; fileRef = 47BF4385079DD257C6D0786B /* Pods_conquestV0.framework */; };
		BD07CACA1D414ED200A4FF1C /* LogInViewController.swift in Sources */ = {isa = PBXBuildFile; fileRef = BD07CAC91D414ED200A4FF1C /* LogInViewController.swift */; };
		BD07CACC1D414FB500A4FF1C /* SignUpViewController.swift in Sources */ = {isa = PBXBuildFile; fileRef = BD07CACB1D414FB500A4FF1C /* SignUpViewController.swift */; };
		BD0887921D4AB46C007259B7 /* PictureFrameViewController.swift in Sources */ = {isa = PBXBuildFile; fileRef = BD0887911D4AB46C007259B7 /* PictureFrameViewController.swift */; };
		BD0887981D4AC5A3007259B7 /* DetailViewController.swift in Sources */ = {isa = PBXBuildFile; fileRef = BD0887971D4AC5A3007259B7 /* DetailViewController.swift */; };
		BD1373801D57080400124EBC /* AnnotationCollectionViewController.swift in Sources */ = {isa = PBXBuildFile; fileRef = BD13737F1D57080400124EBC /* AnnotationCollectionViewController.swift */; };
		BD1373861D57A38F00124EBC /* AnnotationCollectionViewCell.swift in Sources */ = {isa = PBXBuildFile; fileRef = BD1373851D57A38F00124EBC /* AnnotationCollectionViewCell.swift */; };
		BD2A35E11D419833009863B8 /* MapHelper.swift in Sources */ = {isa = PBXBuildFile; fileRef = BD2A35E01D419833009863B8 /* MapHelper.swift */; };
		BD2A35E31D42A245009863B8 /* FriendSearchViewController.swift in Sources */ = {isa = PBXBuildFile; fileRef = BD2A35E21D42A245009863B8 /* FriendSearchViewController.swift */; };
		BD2A35E61D42A2F1009863B8 /* FriendSearchTableViewCell.swift in Sources */ = {isa = PBXBuildFile; fileRef = BD2A35E51D42A2F1009863B8 /* FriendSearchTableViewCell.swift */; };
		BD2A35E81D42A351009863B8 /* ParseHelper.swift in Sources */ = {isa = PBXBuildFile; fileRef = BD2A35E71D42A351009863B8 /* ParseHelper.swift */; };
		BD2A35FB1D42D450009863B8 /* ProtoMenuViewController.swift in Sources */ = {isa = PBXBuildFile; fileRef = BD2A35FA1D42D450009863B8 /* ProtoMenuViewController.swift */; };
		BD2A35FD1D42D6A2009863B8 /* ProtoTableViewCell.swift in Sources */ = {isa = PBXBuildFile; fileRef = BD2A35FC1D42D6A2009863B8 /* ProtoTableViewCell.swift */; };
		BD2A36031D46CC90009863B8 /* DatePickerDialog.swift in Sources */ = {isa = PBXBuildFile; fileRef = BD2A36021D46CC90009863B8 /* DatePickerDialog.swift */; };
		BD2B17E81D4062A5002E70FA /* ParseLoginHelper.swift in Sources */ = {isa = PBXBuildFile; fileRef = BD2B17E71D4062A5002E70FA /* ParseLoginHelper.swift */; };
		BD2B17EA1D406437002E70FA /* ErrorHandling.swift in Sources */ = {isa = PBXBuildFile; fileRef = BD2B17E91D406437002E70FA /* ErrorHandling.swift */; };
		BD853BF71D4ECF240027F14F /* EditPinViewController.swift in Sources */ = {isa = PBXBuildFile; fileRef = BD853BF61D4ECF240027F14F /* EditPinViewController.swift */; };
		BDAC65711D3FEF0A002515D2 /* CustomPin.swift in Sources */ = {isa = PBXBuildFile; fileRef = BDAC65701D3FEF0A002515D2 /* CustomPin.swift */; };
		BDB8A4A91D33FD36003D72B2 /* AppDelegate.swift in Sources */ = {isa = PBXBuildFile; fileRef = BDB8A4A81D33FD36003D72B2 /* AppDelegate.swift */; };
		BDB8A4AB1D33FD36003D72B2 /* MapViewController.swift in Sources */ = {isa = PBXBuildFile; fileRef = BDB8A4AA1D33FD36003D72B2 /* MapViewController.swift */; };
		BDB8A4AD1D33FD36003D72B2 /* PinViewController.swift in Sources */ = {isa = PBXBuildFile; fileRef = BDB8A4AC1D33FD36003D72B2 /* PinViewController.swift */; };
		BDB8A4B01D33FD36003D72B2 /* Main.storyboard in Resources */ = {isa = PBXBuildFile; fileRef = BDB8A4AE1D33FD36003D72B2 /* Main.storyboard */; };
		BDB8A4B21D33FD36003D72B2 /* Assets.xcassets in Resources */ = {isa = PBXBuildFile; fileRef = BDB8A4B11D33FD36003D72B2 /* Assets.xcassets */; };
		BDB8A4B51D33FD36003D72B2 /* LaunchScreen.storyboard in Resources */ = {isa = PBXBuildFile; fileRef = BDB8A4B31D33FD36003D72B2 /* LaunchScreen.storyboard */; };
		BDB8A4C01D343623003D72B2 /* LocationSearchTable.swift in Sources */ = {isa = PBXBuildFile; fileRef = BDB8A4BF1D343623003D72B2 /* LocationSearchTable.swift */; };
		BDB8A4C21D3569A6003D72B2 /* Pin.swift in Sources */ = {isa = PBXBuildFile; fileRef = BDB8A4C11D3569A6003D72B2 /* Pin.swift */; };
		BDB8A4CE1D35B376003D72B2 /* CustomCalloutView.xib in Resources */ = {isa = PBXBuildFile; fileRef = BDB8A4CD1D35B376003D72B2 /* CustomCalloutView.xib */; };
		BDB8A4D01D36A9F8003D72B2 /* CustomCalloutView.swift in Sources */ = {isa = PBXBuildFile; fileRef = BDB8A4CF1D36A9F8003D72B2 /* CustomCalloutView.swift */; };
		BDB8A4D21D36C23C003D72B2 /* BuildPinViewController.swift in Sources */ = {isa = PBXBuildFile; fileRef = BDB8A4D11D36C23C003D72B2 /* BuildPinViewController.swift */; };
		BDE2EAC31D38901400F5C9E4 /* Helper.swift in Sources */ = {isa = PBXBuildFile; fileRef = BDE2EAC21D38901400F5C9E4 /* Helper.swift */; };
		BDE2EAC71D398E6700F5C9E4 /* PinTableViewCell.swift in Sources */ = {isa = PBXBuildFile; fileRef = BDE2EAC61D398E6700F5C9E4 /* PinTableViewCell.swift */; };
/* End PBXBuildFile section */

/* Begin PBXFileReference section */
		0942E1199A48791CDC7BEF0E /* Pods-conquestV0.release.xcconfig */ = {isa = PBXFileReference; includeInIndex = 1; lastKnownFileType = text.xcconfig; name = "Pods-conquestV0.release.xcconfig"; path = "Pods/Target Support Files/Pods-conquestV0/Pods-conquestV0.release.xcconfig"; sourceTree = "<group>"; };
		47BF4385079DD257C6D0786B /* Pods_conquestV0.framework */ = {isa = PBXFileReference; explicitFileType = wrapper.framework; includeInIndex = 0; path = Pods_conquestV0.framework; sourceTree = BUILT_PRODUCTS_DIR; };
		619E6C05F97F9972259DF14A /* Pods-conquestV0.debug.xcconfig */ = {isa = PBXFileReference; includeInIndex = 1; lastKnownFileType = text.xcconfig; name = "Pods-conquestV0.debug.xcconfig"; path = "Pods/Target Support Files/Pods-conquestV0/Pods-conquestV0.debug.xcconfig"; sourceTree = "<group>"; };
		BD07CAC91D414ED200A4FF1C /* LogInViewController.swift */ = {isa = PBXFileReference; fileEncoding = 4; lastKnownFileType = sourcecode.swift; path = LogInViewController.swift; sourceTree = "<group>"; };
		BD07CACB1D414FB500A4FF1C /* SignUpViewController.swift */ = {isa = PBXFileReference; fileEncoding = 4; lastKnownFileType = sourcecode.swift; path = SignUpViewController.swift; sourceTree = "<group>"; };
		BD0887911D4AB46C007259B7 /* PictureFrameViewController.swift */ = {isa = PBXFileReference; fileEncoding = 4; lastKnownFileType = sourcecode.swift; path = PictureFrameViewController.swift; sourceTree = "<group>"; };
		BD0887971D4AC5A3007259B7 /* DetailViewController.swift */ = {isa = PBXFileReference; fileEncoding = 4; lastKnownFileType = sourcecode.swift; path = DetailViewController.swift; sourceTree = "<group>"; };
		BD13737F1D57080400124EBC /* AnnotationCollectionViewController.swift */ = {isa = PBXFileReference; fileEncoding = 4; lastKnownFileType = sourcecode.swift; path = AnnotationCollectionViewController.swift; sourceTree = "<group>"; };
		BD1373851D57A38F00124EBC /* AnnotationCollectionViewCell.swift */ = {isa = PBXFileReference; fileEncoding = 4; lastKnownFileType = sourcecode.swift; path = AnnotationCollectionViewCell.swift; sourceTree = "<group>"; };
		BD2A35E01D419833009863B8 /* MapHelper.swift */ = {isa = PBXFileReference; fileEncoding = 4; lastKnownFileType = sourcecode.swift; path = MapHelper.swift; sourceTree = "<group>"; };
		BD2A35E21D42A245009863B8 /* FriendSearchViewController.swift */ = {isa = PBXFileReference; fileEncoding = 4; lastKnownFileType = sourcecode.swift; path = FriendSearchViewController.swift; sourceTree = "<group>"; };
		BD2A35E51D42A2F1009863B8 /* FriendSearchTableViewCell.swift */ = {isa = PBXFileReference; fileEncoding = 4; lastKnownFileType = sourcecode.swift; path = FriendSearchTableViewCell.swift; sourceTree = "<group>"; };
		BD2A35E71D42A351009863B8 /* ParseHelper.swift */ = {isa = PBXFileReference; fileEncoding = 4; lastKnownFileType = sourcecode.swift; path = ParseHelper.swift; sourceTree = "<group>"; };
		BD2A35FA1D42D450009863B8 /* ProtoMenuViewController.swift */ = {isa = PBXFileReference; fileEncoding = 4; lastKnownFileType = sourcecode.swift; path = ProtoMenuViewController.swift; sourceTree = "<group>"; };
		BD2A35FC1D42D6A2009863B8 /* ProtoTableViewCell.swift */ = {isa = PBXFileReference; fileEncoding = 4; lastKnownFileType = sourcecode.swift; name = ProtoTableViewCell.swift; path = conquestV0/ProtoTableViewCell.swift; sourceTree = "<group>"; };
		BD2A36021D46CC90009863B8 /* DatePickerDialog.swift */ = {isa = PBXFileReference; fileEncoding = 4; lastKnownFileType = sourcecode.swift; path = DatePickerDialog.swift; sourceTree = "<group>"; };
		BD2B17E71D4062A5002E70FA /* ParseLoginHelper.swift */ = {isa = PBXFileReference; fileEncoding = 4; lastKnownFileType = sourcecode.swift; path = ParseLoginHelper.swift; sourceTree = "<group>"; };
		BD2B17E91D406437002E70FA /* ErrorHandling.swift */ = {isa = PBXFileReference; fileEncoding = 4; lastKnownFileType = sourcecode.swift; path = ErrorHandling.swift; sourceTree = "<group>"; };
		BD853BF61D4ECF240027F14F /* EditPinViewController.swift */ = {isa = PBXFileReference; fileEncoding = 4; lastKnownFileType = sourcecode.swift; path = EditPinViewController.swift; sourceTree = "<group>"; };
		BDAC65701D3FEF0A002515D2 /* CustomPin.swift */ = {isa = PBXFileReference; fileEncoding = 4; lastKnownFileType = sourcecode.swift; path = CustomPin.swift; sourceTree = "<group>"; };
		BDB8A4A51D33FD35003D72B2 /* conquestV0.app */ = {isa = PBXFileReference; explicitFileType = wrapper.application; includeInIndex = 0; path = conquestV0.app; sourceTree = BUILT_PRODUCTS_DIR; };
		BDB8A4A81D33FD36003D72B2 /* AppDelegate.swift */ = {isa = PBXFileReference; lastKnownFileType = sourcecode.swift; path = AppDelegate.swift; sourceTree = "<group>"; };
		BDB8A4AA1D33FD36003D72B2 /* MapViewController.swift */ = {isa = PBXFileReference; lastKnownFileType = sourcecode.swift; path = MapViewController.swift; sourceTree = "<group>"; };
		BDB8A4AC1D33FD36003D72B2 /* PinViewController.swift */ = {isa = PBXFileReference; lastKnownFileType = sourcecode.swift; path = PinViewController.swift; sourceTree = "<group>"; };
		BDB8A4AF1D33FD36003D72B2 /* Base */ = {isa = PBXFileReference; lastKnownFileType = file.storyboard; name = Base; path = Base.lproj/Main.storyboard; sourceTree = "<group>"; };
		BDB8A4B11D33FD36003D72B2 /* Assets.xcassets */ = {isa = PBXFileReference; lastKnownFileType = folder.assetcatalog; path = Assets.xcassets; sourceTree = "<group>"; };
		BDB8A4B41D33FD36003D72B2 /* Base */ = {isa = PBXFileReference; lastKnownFileType = file.storyboard; name = Base; path = Base.lproj/LaunchScreen.storyboard; sourceTree = "<group>"; };
		BDB8A4B61D33FD36003D72B2 /* Info.plist */ = {isa = PBXFileReference; lastKnownFileType = text.plist.xml; path = Info.plist; sourceTree = "<group>"; };
		BDB8A4BF1D343623003D72B2 /* LocationSearchTable.swift */ = {isa = PBXFileReference; fileEncoding = 4; lastKnownFileType = sourcecode.swift; path = LocationSearchTable.swift; sourceTree = "<group>"; };
		BDB8A4C11D3569A6003D72B2 /* Pin.swift */ = {isa = PBXFileReference; fileEncoding = 4; lastKnownFileType = sourcecode.swift; path = Pin.swift; sourceTree = "<group>"; };
		BDB8A4CD1D35B376003D72B2 /* CustomCalloutView.xib */ = {isa = PBXFileReference; fileEncoding = 4; lastKnownFileType = file.xib; path = CustomCalloutView.xib; sourceTree = "<group>"; };
		BDB8A4CF1D36A9F8003D72B2 /* CustomCalloutView.swift */ = {isa = PBXFileReference; fileEncoding = 4; lastKnownFileType = sourcecode.swift; path = CustomCalloutView.swift; sourceTree = "<group>"; };
		BDB8A4D11D36C23C003D72B2 /* BuildPinViewController.swift */ = {isa = PBXFileReference; fileEncoding = 4; lastKnownFileType = sourcecode.swift; path = BuildPinViewController.swift; sourceTree = "<group>"; };
		BDE2EAC21D38901400F5C9E4 /* Helper.swift */ = {isa = PBXFileReference; fileEncoding = 4; lastKnownFileType = sourcecode.swift; path = Helper.swift; sourceTree = "<group>"; };
		BDE2EAC61D398E6700F5C9E4 /* PinTableViewCell.swift */ = {isa = PBXFileReference; fileEncoding = 4; lastKnownFileType = sourcecode.swift; name = PinTableViewCell.swift; path = conquestV0/PinTableViewCell.swift; sourceTree = "<group>"; };
/* End PBXFileReference section */

/* Begin PBXFrameworksBuildPhase section */
		BDB8A4A21D33FD35003D72B2 /* Frameworks */ = {
			isa = PBXFrameworksBuildPhase;
			buildActionMask = 2147483647;
			files = (
				115C623999957A7002D3BCC1 /* Pods_conquestV0.framework in Frameworks */,
			);
			runOnlyForDeploymentPostprocessing = 0;
		};
/* End PBXFrameworksBuildPhase section */

/* Begin PBXGroup section */
		2E986E96C3345C3439BB7AFC /* Pods */ = {
			isa = PBXGroup;
			children = (
				619E6C05F97F9972259DF14A /* Pods-conquestV0.debug.xcconfig */,
				0942E1199A48791CDC7BEF0E /* Pods-conquestV0.release.xcconfig */,
			);
			name = Pods;
			sourceTree = "<group>";
		};
		8BA7B2AE3672442DAE813448 /* Frameworks */ = {
			isa = PBXGroup;
			children = (
				47BF4385079DD257C6D0786B /* Pods_conquestV0.framework */,
			);
			name = Frameworks;
			sourceTree = "<group>";
		};
		BD2A35E41D42A27B009863B8 /* Views */ = {
			isa = PBXGroup;
			children = (
				BDE2EAC61D398E6700F5C9E4 /* PinTableViewCell.swift */,
				BD2A35E51D42A2F1009863B8 /* FriendSearchTableViewCell.swift */,
				BD2A35FC1D42D6A2009863B8 /* ProtoTableViewCell.swift */,
				BD1373851D57A38F00124EBC /* AnnotationCollectionViewCell.swift */,
			);
			name = Views;
			path = ..;
			sourceTree = "<group>";
		};
		BD2A36001D46CC54009863B8 /* Third Party  */ = {
			isa = PBXGroup;
			children = (
				BD2A36011D46CC68009863B8 /* DatePicker */,
			);
			name = "Third Party ";
			sourceTree = "<group>";
		};
		BD2A36011D46CC68009863B8 /* DatePicker */ = {
			isa = PBXGroup;
			children = (
				BD2A36021D46CC90009863B8 /* DatePickerDialog.swift */,
			);
			name = DatePicker;
			sourceTree = "<group>";
		};
		BD2B17E21D406061002E70FA /* Helpers */ = {
			isa = PBXGroup;
			children = (
				BD2B17E71D4062A5002E70FA /* ParseLoginHelper.swift */,
				BD2B17E91D406437002E70FA /* ErrorHandling.swift */,
				BD2A35E01D419833009863B8 /* MapHelper.swift */,
				BD2A35E71D42A351009863B8 /* ParseHelper.swift */,
			);
			name = Helpers;
			sourceTree = "<group>";
		};
		BDB8A49C1D33FD35003D72B2 = {
			isa = PBXGroup;
			children = (
				BDB8A4A71D33FD35003D72B2 /* conquestV0 */,
				BDB8A4A61D33FD35003D72B2 /* Products */,
				2E986E96C3345C3439BB7AFC /* Pods */,
				8BA7B2AE3672442DAE813448 /* Frameworks */,
			);
			sourceTree = "<group>";
		};
		BDB8A4A61D33FD35003D72B2 /* Products */ = {
			isa = PBXGroup;
			children = (
				BDB8A4A51D33FD35003D72B2 /* conquestV0.app */,
			);
			name = Products;
			sourceTree = "<group>";
		};
		BDB8A4A71D33FD35003D72B2 /* conquestV0 */ = {
			isa = PBXGroup;
			children = (
				BDB8A4A81D33FD36003D72B2 /* AppDelegate.swift */,
				BD2B17E21D406061002E70FA /* Helpers */,
				BD2A36001D46CC54009863B8 /* Third Party  */,
				BD2A35E41D42A27B009863B8 /* Views */,
				BDB8A4D31D36C2EF003D72B2 /* ViewControllers */,
				BDB8A4BC1D33FD41003D72B2 /* Objects */,
				BDB8A4AE1D33FD36003D72B2 /* Main.storyboard */,
				BDB8A4CD1D35B376003D72B2 /* CustomCalloutView.xib */,
				BDB8A4B11D33FD36003D72B2 /* Assets.xcassets */,
				BDB8A4B31D33FD36003D72B2 /* LaunchScreen.storyboard */,
				BDB8A4B61D33FD36003D72B2 /* Info.plist */,
			);
			path = conquestV0;
			sourceTree = "<group>";
		};
		BDB8A4BC1D33FD41003D72B2 /* Objects */ = {
			isa = PBXGroup;
			children = (
				BDE2EAC21D38901400F5C9E4 /* Helper.swift */,
				BDB8A4C11D3569A6003D72B2 /* Pin.swift */,
				BDAC65701D3FEF0A002515D2 /* CustomPin.swift */,
				BDB8A4CF1D36A9F8003D72B2 /* CustomCalloutView.swift */,
			);
			name = Objects;
			sourceTree = "<group>";
		};
		BDB8A4D31D36C2EF003D72B2 /* ViewControllers */ = {
			isa = PBXGroup;
			children = (
				BDB8A4AA1D33FD36003D72B2 /* MapViewController.swift */,
				BD0887911D4AB46C007259B7 /* PictureFrameViewController.swift */,
				BD2A35FA1D42D450009863B8 /* ProtoMenuViewController.swift */,
				BDB8A4BF1D343623003D72B2 /* LocationSearchTable.swift */,
				BD0887971D4AC5A3007259B7 /* DetailViewController.swift */,
				BDB8A4AC1D33FD36003D72B2 /* PinViewController.swift */,
				BDB8A4D11D36C23C003D72B2 /* BuildPinViewController.swift */,
				BD07CAC91D414ED200A4FF1C /* LogInViewController.swift */,
				BD07CACB1D414FB500A4FF1C /* SignUpViewController.swift */,
				BD2A35E21D42A245009863B8 /* FriendSearchViewController.swift */,
				BD853BF61D4ECF240027F14F /* EditPinViewController.swift */,
				BD13737F1D57080400124EBC /* AnnotationCollectionViewController.swift */,
			);
			name = ViewControllers;
			sourceTree = "<group>";
		};
/* End PBXGroup section */

/* Begin PBXNativeTarget section */
		BDB8A4A41D33FD35003D72B2 /* conquestV0 */ = {
			isa = PBXNativeTarget;
			buildConfigurationList = BDB8A4B91D33FD36003D72B2 /* Build configuration list for PBXNativeTarget "conquestV0" */;
			buildPhases = (
				91A96B0D8BFE9B54554D0781 /* [CP] Check Pods Manifest.lock */,
				BDB8A4A11D33FD35003D72B2 /* Sources */,
				BDB8A4A21D33FD35003D72B2 /* Frameworks */,
				BDB8A4A31D33FD35003D72B2 /* Resources */,
				D1B0262792B9165881409564 /* [CP] Embed Pods Frameworks */,
				E8FD7A00A6579BB594A871B7 /* [CP] Copy Pods Resources */,
			);
			buildRules = (
			);
			dependencies = (
			);
			name = conquestV0;
			productName = conquestV0;
			productReference = BDB8A4A51D33FD35003D72B2 /* conquestV0.app */;
			productType = "com.apple.product-type.application";
		};
/* End PBXNativeTarget section */

/* Begin PBXProject section */
		BDB8A49D1D33FD35003D72B2 /* Project object */ = {
			isa = PBXProject;
			attributes = {
				LastSwiftUpdateCheck = 0730;
				LastUpgradeCheck = 0730;
				ORGANIZATIONNAME = Nabil;
				TargetAttributes = {
					BDB8A4A41D33FD35003D72B2 = {
						CreatedOnToolsVersion = 7.3.1;
						DevelopmentTeam = DSBY73HWC3;
					};
				};
			};
			buildConfigurationList = BDB8A4A01D33FD35003D72B2 /* Build configuration list for PBXProject "conquestV0" */;
			compatibilityVersion = "Xcode 3.2";
			developmentRegion = English;
			hasScannedForEncodings = 0;
			knownRegions = (
				en,
				Base,
			);
			mainGroup = BDB8A49C1D33FD35003D72B2;
			productRefGroup = BDB8A4A61D33FD35003D72B2 /* Products */;
			projectDirPath = "";
			projectRoot = "";
			targets = (
				BDB8A4A41D33FD35003D72B2 /* conquestV0 */,
			);
		};
/* End PBXProject section */

/* Begin PBXResourcesBuildPhase section */
		BDB8A4A31D33FD35003D72B2 /* Resources */ = {
			isa = PBXResourcesBuildPhase;
			buildActionMask = 2147483647;
			files = (
				BDB8A4B51D33FD36003D72B2 /* LaunchScreen.storyboard in Resources */,
				BDB8A4B21D33FD36003D72B2 /* Assets.xcassets in Resources */,
				BDB8A4CE1D35B376003D72B2 /* CustomCalloutView.xib in Resources */,
				BDB8A4B01D33FD36003D72B2 /* Main.storyboard in Resources */,
			);
			runOnlyForDeploymentPostprocessing = 0;
		};
/* End PBXResourcesBuildPhase section */

/* Begin PBXShellScriptBuildPhase section */
		91A96B0D8BFE9B54554D0781 /* [CP] Check Pods Manifest.lock */ = {
			isa = PBXShellScriptBuildPhase;
			buildActionMask = 2147483647;
			files = (
			);
			inputPaths = (
			);
			name = "[CP] Check Pods Manifest.lock";
			outputPaths = (
			);
			runOnlyForDeploymentPostprocessing = 0;
			shellPath = /bin/sh;
			shellScript = "diff \"${PODS_ROOT}/../Podfile.lock\" \"${PODS_ROOT}/Manifest.lock\" > /dev/null\nif [[ $? != 0 ]] ; then\n    cat << EOM\nerror: The sandbox is not in sync with the Podfile.lock. Run 'pod install' or update your CocoaPods installation.\nEOM\n    exit 1\nfi\n";
			showEnvVarsInLog = 0;
		};
		D1B0262792B9165881409564 /* [CP] Embed Pods Frameworks */ = {
			isa = PBXShellScriptBuildPhase;
			buildActionMask = 2147483647;
			files = (
			);
			inputPaths = (
			);
			name = "[CP] Embed Pods Frameworks";
			outputPaths = (
			);
			runOnlyForDeploymentPostprocessing = 0;
			shellPath = /bin/sh;
			shellScript = "\"${SRCROOT}/Pods/Target Support Files/Pods-conquestV0/Pods-conquestV0-frameworks.sh\"\n";
			showEnvVarsInLog = 0;
		};
		E8FD7A00A6579BB594A871B7 /* [CP] Copy Pods Resources */ = {
			isa = PBXShellScriptBuildPhase;
			buildActionMask = 2147483647;
			files = (
			);
			inputPaths = (
			);
			name = "[CP] Copy Pods Resources";
			outputPaths = (
			);
			runOnlyForDeploymentPostprocessing = 0;
			shellPath = /bin/sh;
			shellScript = "\"${SRCROOT}/Pods/Target Support Files/Pods-conquestV0/Pods-conquestV0-resources.sh\"\n";
			showEnvVarsInLog = 0;
		};
/* End PBXShellScriptBuildPhase section */

/* Begin PBXSourcesBuildPhase section */
		BDB8A4A11D33FD35003D72B2 /* Sources */ = {
			isa = PBXSourcesBuildPhase;
			buildActionMask = 2147483647;
			files = (
				BD07CACA1D414ED200A4FF1C /* LogInViewController.swift in Sources */,
				BDB8A4C01D343623003D72B2 /* LocationSearchTable.swift in Sources */,
				BD2B17E81D4062A5002E70FA /* ParseLoginHelper.swift in Sources */,
				BDE2EAC71D398E6700F5C9E4 /* PinTableViewCell.swift in Sources */,
				BD1373801D57080400124EBC /* AnnotationCollectionViewController.swift in Sources */,
				BD2A35E81D42A351009863B8 /* ParseHelper.swift in Sources */,
				BDB8A4AD1D33FD36003D72B2 /* PinViewController.swift in Sources */,
				BDAC65711D3FEF0A002515D2 /* CustomPin.swift in Sources */,
				BD0887981D4AC5A3007259B7 /* DetailViewController.swift in Sources */,
				BD2A35E11D419833009863B8 /* MapHelper.swift in Sources */,
				BD2A35FD1D42D6A2009863B8 /* ProtoTableViewCell.swift in Sources */,
				BDB8A4D01D36A9F8003D72B2 /* CustomCalloutView.swift in Sources */,
				BD2A35E61D42A2F1009863B8 /* FriendSearchTableViewCell.swift in Sources */,
				BDB8A4C21D3569A6003D72B2 /* Pin.swift in Sources */,
				BD07CACC1D414FB500A4FF1C /* SignUpViewController.swift in Sources */,
				BD1373861D57A38F00124EBC /* AnnotationCollectionViewCell.swift in Sources */,
				BD0887921D4AB46C007259B7 /* PictureFrameViewController.swift in Sources */,
				BD2B17EA1D406437002E70FA /* ErrorHandling.swift in Sources */,
				BD2A35FB1D42D450009863B8 /* ProtoMenuViewController.swift in Sources */,
				BDB8A4D21D36C23C003D72B2 /* BuildPinViewController.swift in Sources */,
				BDE2EAC31D38901400F5C9E4 /* Helper.swift in Sources */,
				BD853BF71D4ECF240027F14F /* EditPinViewController.swift in Sources */,
				BD2A36031D46CC90009863B8 /* DatePickerDialog.swift in Sources */,
				BD2A35E31D42A245009863B8 /* FriendSearchViewController.swift in Sources */,
				BDB8A4A91D33FD36003D72B2 /* AppDelegate.swift in Sources */,
				BDB8A4AB1D33FD36003D72B2 /* MapViewController.swift in Sources */,
			);
			runOnlyForDeploymentPostprocessing = 0;
		};
/* End PBXSourcesBuildPhase section */

/* Begin PBXVariantGroup section */
		BDB8A4AE1D33FD36003D72B2 /* Main.storyboard */ = {
			isa = PBXVariantGroup;
			children = (
				BDB8A4AF1D33FD36003D72B2 /* Base */,
			);
			name = Main.storyboard;
			sourceTree = "<group>";
		};
		BDB8A4B31D33FD36003D72B2 /* LaunchScreen.storyboard */ = {
			isa = PBXVariantGroup;
			children = (
				BDB8A4B41D33FD36003D72B2 /* Base */,
			);
			name = LaunchScreen.storyboard;
			sourceTree = "<group>";
		};
/* End PBXVariantGroup section */

/* Begin XCBuildConfiguration section */
		BDB8A4B71D33FD36003D72B2 /* Debug */ = {
			isa = XCBuildConfiguration;
			buildSettings = {
				ALWAYS_SEARCH_USER_PATHS = NO;
				CLANG_ANALYZER_NONNULL = YES;
				CLANG_CXX_LANGUAGE_STANDARD = "gnu++0x";
				CLANG_CXX_LIBRARY = "libc++";
				CLANG_ENABLE_MODULES = YES;
				CLANG_ENABLE_OBJC_ARC = YES;
				CLANG_WARN_BOOL_CONVERSION = YES;
				CLANG_WARN_CONSTANT_CONVERSION = YES;
				CLANG_WARN_DIRECT_OBJC_ISA_USAGE = YES_ERROR;
				CLANG_WARN_EMPTY_BODY = YES;
				CLANG_WARN_ENUM_CONVERSION = YES;
				CLANG_WARN_INT_CONVERSION = YES;
				CLANG_WARN_OBJC_ROOT_CLASS = YES_ERROR;
				CLANG_WARN_UNREACHABLE_CODE = YES;
				CLANG_WARN__DUPLICATE_METHOD_MATCH = YES;
				"CODE_SIGN_IDENTITY[sdk=iphoneos*]" = "iPhone Developer";
				COPY_PHASE_STRIP = NO;
				DEBUG_INFORMATION_FORMAT = dwarf;
				ENABLE_STRICT_OBJC_MSGSEND = YES;
				ENABLE_TESTABILITY = YES;
				GCC_C_LANGUAGE_STANDARD = gnu99;
				GCC_DYNAMIC_NO_PIC = NO;
				GCC_NO_COMMON_BLOCKS = YES;
				GCC_OPTIMIZATION_LEVEL = 0;
				GCC_PREPROCESSOR_DEFINITIONS = (
					"DEBUG=1",
					"$(inherited)",
				);
				GCC_WARN_64_TO_32_BIT_CONVERSION = YES;
				GCC_WARN_ABOUT_RETURN_TYPE = YES_ERROR;
				GCC_WARN_UNDECLARED_SELECTOR = YES;
				GCC_WARN_UNINITIALIZED_AUTOS = YES_AGGRESSIVE;
				GCC_WARN_UNUSED_FUNCTION = YES;
				GCC_WARN_UNUSED_VARIABLE = YES;
				IPHONEOS_DEPLOYMENT_TARGET = 9.3;
				MTL_ENABLE_DEBUG_INFO = YES;
				ONLY_ACTIVE_ARCH = YES;
				SDKROOT = iphoneos;
				SWIFT_OPTIMIZATION_LEVEL = "-Onone";
			};
			name = Debug;
		};
		BDB8A4B81D33FD36003D72B2 /* Release */ = {
			isa = XCBuildConfiguration;
			buildSettings = {
				ALWAYS_SEARCH_USER_PATHS = NO;
				CLANG_ANALYZER_NONNULL = YES;
				CLANG_CXX_LANGUAGE_STANDARD = "gnu++0x";
				CLANG_CXX_LIBRARY = "libc++";
				CLANG_ENABLE_MODULES = YES;
				CLANG_ENABLE_OBJC_ARC = YES;
				CLANG_WARN_BOOL_CONVERSION = YES;
				CLANG_WARN_CONSTANT_CONVERSION = YES;
				CLANG_WARN_DIRECT_OBJC_ISA_USAGE = YES_ERROR;
				CLANG_WARN_EMPTY_BODY = YES;
				CLANG_WARN_ENUM_CONVERSION = YES;
				CLANG_WARN_INT_CONVERSION = YES;
				CLANG_WARN_OBJC_ROOT_CLASS = YES_ERROR;
				CLANG_WARN_UNREACHABLE_CODE = YES;
				CLANG_WARN__DUPLICATE_METHOD_MATCH = YES;
				"CODE_SIGN_IDENTITY[sdk=iphoneos*]" = "iPhone Developer";
				COPY_PHASE_STRIP = NO;
				DEBUG_INFORMATION_FORMAT = "dwarf-with-dsym";
				ENABLE_NS_ASSERTIONS = NO;
				ENABLE_STRICT_OBJC_MSGSEND = YES;
				GCC_C_LANGUAGE_STANDARD = gnu99;
				GCC_NO_COMMON_BLOCKS = YES;
				GCC_WARN_64_TO_32_BIT_CONVERSION = YES;
				GCC_WARN_ABOUT_RETURN_TYPE = YES_ERROR;
				GCC_WARN_UNDECLARED_SELECTOR = YES;
				GCC_WARN_UNINITIALIZED_AUTOS = YES_AGGRESSIVE;
				GCC_WARN_UNUSED_FUNCTION = YES;
				GCC_WARN_UNUSED_VARIABLE = YES;
				IPHONEOS_DEPLOYMENT_TARGET = 9.3;
				MTL_ENABLE_DEBUG_INFO = NO;
				SDKROOT = iphoneos;
				VALIDATE_PRODUCT = YES;
			};
			name = Release;
		};
		BDB8A4BA1D33FD36003D72B2 /* Debug */ = {
			isa = XCBuildConfiguration;
			baseConfigurationReference = 619E6C05F97F9972259DF14A /* Pods-conquestV0.debug.xcconfig */;
			buildSettings = {
				ASSETCATALOG_COMPILER_APPICON_NAME = AppIcon;
				CODE_SIGN_IDENTITY = "iPhone Developer";
				"CODE_SIGN_IDENTITY[sdk=iphoneos*]" = "iPhone Developer";
				INFOPLIST_FILE = conquestV0/Info.plist;
				LD_RUNPATH_SEARCH_PATHS = "$(inherited) @executable_path/Frameworks";
				PRODUCT_BUNDLE_IDENTIFIER = com.makeschool.conquestV0;
				PRODUCT_NAME = "$(TARGET_NAME)";
				PROVISIONING_PROFILE = "fafacae6-0191-4784-98e5-52091defd11f";
			};
			name = Debug;
		};
		BDB8A4BB1D33FD36003D72B2 /* Release */ = {
			isa = XCBuildConfiguration;
			baseConfigurationReference = 0942E1199A48791CDC7BEF0E /* Pods-conquestV0.release.xcconfig */;
			buildSettings = {
				ASSETCATALOG_COMPILER_APPICON_NAME = AppIcon;
				CODE_SIGN_IDENTITY = "iPhone Developer";
				"CODE_SIGN_IDENTITY[sdk=iphoneos*]" = "iPhone Developer";
				INFOPLIST_FILE = conquestV0/Info.plist;
				LD_RUNPATH_SEARCH_PATHS = "$(inherited) @executable_path/Frameworks";
				PRODUCT_BUNDLE_IDENTIFIER = com.makeschool.conquestV0;
				PRODUCT_NAME = "$(TARGET_NAME)";
				PROVISIONING_PROFILE = "fafacae6-0191-4784-98e5-52091defd11f";
			};
			name = Release;
		};
/* End XCBuildConfiguration section */

/* Begin XCConfigurationList section */
		BDB8A4A01D33FD35003D72B2 /* Build configuration list for PBXProject "conquestV0" */ = {
			isa = XCConfigurationList;
			buildConfigurations = (
				BDB8A4B71D33FD36003D72B2 /* Debug */,
				BDB8A4B81D33FD36003D72B2 /* Release */,
			);
			defaultConfigurationIsVisible = 0;
			defaultConfigurationName = Release;
		};
		BDB8A4B91D33FD36003D72B2 /* Build configuration list for PBXNativeTarget "conquestV0" */ = {
			isa = XCConfigurationList;
			buildConfigurations = (
				BDB8A4BA1D33FD36003D72B2 /* Debug */,
				BDB8A4BB1D33FD36003D72B2 /* Release */,
			);
			defaultConfigurationIsVisible = 0;
			defaultConfigurationName = Release;
		};
/* End XCConfigurationList section */
	};
	rootObject = BDB8A49D1D33FD35003D72B2 /* Project object */;
}
